
Microsoft Visual Studio Solution File, Format Version 12.00
Project("{FAE04EC0-301F-11D3-BF4B-00C04F79EFBC}") = "DotnetAiSuite", "DotnetAiSuite\DotnetAiSuite.csproj", "{BDC761A9-AD8D-4A3B-9513-A9A463F7EE8A}"
EndProject
Project("{FAE04EC0-301F-11D3-BF4B-00C04F79EFBC}") = "AI.Core", "AI.Core\AI.Core.csproj", "{91D528B5-CB71-4C75-8908-508A0EDD1AE7}"
EndProject
Project("{FAE04EC0-301F-11D3-BF4B-00C04F79EFBC}") = "AI.Providers", "AI.Providers\AI.Providers.csproj", "{06A85FD5-70E0-4AAA-954F-9959E3003505}"
EndProject
Project("{FAE04EC0-301F-11D3-BF4B-00C04F79EFBC}") = "AI.Demo.WebApp", "AI.Demo.WebApp\AI.Demo.WebApp.csproj", "{CE62244F-C450-4602-98BF-A2969E866B4C}"
EndProject
Project("{FAE04EC0-301F-11D3-BF4B-00C04F79EFBC}") = "AI.Demo.ConApp", "AI.Demo.ConApp\AI.Demo.ConApp.csproj", "{F9A9F14B-B5A7-453D-AF81-6A08B6ABFE33}"
EndProject
Global
	GlobalSection(SolutionConfigurationPlatforms) = preSolution
		Debug|Any CPU = Debug|Any CPU
		Release|Any CPU = Release|Any CPU
	EndGlobalSection
	GlobalSection(ProjectConfigurationPlatforms) = postSolution
		{BDC761A9-AD8D-4A3B-9513-A9A463F7EE8A}.Debug|Any CPU.ActiveCfg = Debug|Any CPU
		{BDC761A9-AD8D-4A3B-9513-A9A463F7EE8A}.Debug|Any CPU.Build.0 = Debug|Any CPU
		{BDC761A9-AD8D-4A3B-9513-A9A463F7EE8A}.Release|Any CPU.ActiveCfg = Release|Any CPU
		{BDC761A9-AD8D-4A3B-9513-A9A463F7EE8A}.Release|Any CPU.Build.0 = Release|Any CPU
		{91D528B5-CB71-4C75-8908-508A0EDD1AE7}.Debug|Any CPU.ActiveCfg = Debug|Any CPU
		{91D528B5-CB71-4C75-8908-508A0EDD1AE7}.Debug|Any CPU.Build.0 = Debug|Any CPU
		{91D528B5-CB71-4C75-8908-508A0EDD1AE7}.Release|Any CPU.ActiveCfg = Release|Any CPU
		{91D528B5-CB71-4C75-8908-508A0EDD1AE7}.Release|Any CPU.Build.0 = Release|Any CPU
		{06A85FD5-70E0-4AAA-954F-9959E3003505}.Debug|Any CPU.ActiveCfg = Debug|Any CPU
		{06A85FD5-70E0-4AAA-954F-9959E3003505}.Debug|Any CPU.Build.0 = Debug|Any CPU
		{06A85FD5-70E0-4AAA-954F-9959E3003505}.Release|Any CPU.ActiveCfg = Release|Any CPU
		{06A85FD5-70E0-4AAA-954F-9959E3003505}.Release|Any CPU.Build.0 = Release|Any CPU
		{CE62244F-C450-4602-98BF-A2969E866B4C}.Debug|Any CPU.ActiveCfg = Debug|Any CPU
		{CE62244F-C450-4602-98BF-A2969E866B4C}.Debug|Any CPU.Build.0 = Debug|Any CPU
		{CE62244F-C450-4602-98BF-A2969E866B4C}.Release|Any CPU.ActiveCfg = Release|Any CPU
		{CE62244F-C450-4602-98BF-A2969E866B4C}.Release|Any CPU.Build.0 = Release|Any CPU
		{F9A9F14B-B5A7-453D-AF81-6A08B6ABFE33}.Debug|Any CPU.ActiveCfg = Debug|Any CPU
		{F9A9F14B-B5A7-453D-AF81-6A08B6ABFE33}.Debug|Any CPU.Build.0 = Debug|Any CPU
		{F9A9F14B-B5A7-453D-AF81-6A08B6ABFE33}.Release|Any CPU.ActiveCfg = Release|Any CPU
		{F9A9F14B-B5A7-453D-AF81-6A08B6ABFE33}.Release|Any CPU.Build.0 = Release|Any CPU
	EndGlobalSection
EndGlobal
